
Microsoft Visual Studio Solution File, Format Version 12.00
# Visual Studio 15
VisualStudioVersion = 15.0.28307.329
MinimumVisualStudioVersion = 10.0.40219.1
Project("{FAE04EC0-301F-11D3-BF4B-00C04F79EFBC}") = "Presentacion.Consola", "Presentacion.Consola\Presentacion.Consola.csproj", "{B70FC195-9C06-4006-A48E-67BAC7BDF526}"
EndProject
Project("{FAE04EC0-301F-11D3-BF4B-00C04F79EFBC}") = "Dominio.Entidades", "Dominio.Entidades\Dominio.Entidades.csproj", "{3F8C502C-8ECB-47E0-AE7A-F8656D55BD6E}"
EndProject
Global
	GlobalSection(SolutionConfigurationPlatforms) = preSolution
		Debug|Any CPU = Debug|Any CPU
		Release|Any CPU = Release|Any CPU
	EndGlobalSection
	GlobalSection(ProjectConfigurationPlatforms) = postSolution
		{B70FC195-9C06-4006-A48E-67BAC7BDF526}.Debug|Any CPU.ActiveCfg = Debug|Any CPU
		{B70FC195-9C06-4006-A48E-67BAC7BDF526}.Debug|Any CPU.Build.0 = Debug|Any CPU
		{B70FC195-9C06-4006-A48E-67BAC7BDF526}.Release|Any CPU.ActiveCfg = Release|Any CPU
		{B70FC195-9C06-4006-A48E-67BAC7BDF526}.Release|Any CPU.Build.0 = Release|Any CPU
		{3F8C502C-8ECB-47E0-AE7A-F8656D55BD6E}.Debug|Any CPU.ActiveCfg = Debug|Any CPU
		{3F8C502C-8ECB-47E0-AE7A-F8656D55BD6E}.Debug|Any CPU.Build.0 = Debug|Any CPU
		{3F8C502C-8ECB-47E0-AE7A-F8656D55BD6E}.Release|Any CPU.ActiveCfg = Release|Any CPU
		{3F8C502C-8ECB-47E0-AE7A-F8656D55BD6E}.Release|Any CPU.Build.0 = Release|Any CPU
	EndGlobalSection
	GlobalSection(SolutionProperties) = preSolution
		HideSolutionNode = FALSE
	EndGlobalSection
	GlobalSection(ExtensibilityGlobals) = postSolution
		SolutionGuid = {6C12711B-98E2-455C-9F04-46249EA212D1}
	EndGlobalSection
EndGlobal
