
Microsoft Visual Studio Solution File, Format Version 12.00
# Visual Studio 15
VisualStudioVersion = 15.0.28307.329
MinimumVisualStudioVersion = 10.0.40219.1
Project("{FAE04EC0-301F-11D3-BF4B-00C04F79EFBC}") = "Ventas.Dominio.Entidades", "Ventas.Dominio.Entidades\Ventas.Dominio.Entidades.csproj", "{9E36C20D-7E73-44F7-97E2-8E9ACE877426}"
EndProject
Project("{2150E333-8FDC-42A3-9474-1A3956D46DE8}") = "Dominio", "Dominio", "{B119331D-194D-4776-8A5E-0E0A038179BE}"
EndProject
Project("{2150E333-8FDC-42A3-9474-1A3956D46DE8}") = "Infraestructura", "Infraestructura", "{A87BDFCB-A7CB-4F56-835C-8100C44D4358}"
EndProject
Project("{FAE04EC0-301F-11D3-BF4B-00C04F79EFBC}") = "Ventas.Infraestructura.ContextoDeDatos", "Ventas.Infraestructura.ContextoDeDatos\Ventas.Infraestructura.ContextoDeDatos.csproj", "{0BDCA424-6EDB-4C9A-8763-41630B4B3DD5}"
EndProject
Project("{2150E333-8FDC-42A3-9474-1A3956D46DE8}") = "Presentacion", "Presentacion", "{98CF9086-9F18-4D44-878F-1129C2E62C35}"
EndProject
Project("{2150E333-8FDC-42A3-9474-1A3956D46DE8}") = "Servicios", "Servicios", "{AE2391B5-C7D9-4DC5-8CC9-43119A0BB475}"
EndProject
Project("{FAE04EC0-301F-11D3-BF4B-00C04F79EFBC}") = "Ventas.Servicios.Interfacez", "Ventas.Servicios.Interfacez\Ventas.Servicios.Interfacez.csproj", "{6DFA1C36-5D71-4C60-B7D5-470AB3C63F41}"
EndProject
Project("{FAE04EC0-301F-11D3-BF4B-00C04F79EFBC}") = "Ventas.Servicios.ImplementacionConSQL", "Ventas.Servicios.ImplementacionConSQL\Ventas.Servicios.ImplementacionConSQL.csproj", "{6301D4A1-527A-4CBF-B4FD-666C23853C2A}"
EndProject
Project("{FAE04EC0-301F-11D3-BF4B-00C04F79EFBC}") = "Ventas.Servicios.MapaDeConversiones", "Ventas.Servicios.MapaDeConversiones\Ventas.Servicios.MapaDeConversiones.csproj", "{A5BC1890-92B4-46B5-AAC7-A5341D2D8845}"
EndProject
Project("{FAE04EC0-301F-11D3-BF4B-00C04F79EFBC}") = "Ventas.Presentacion.Escritorio", "Ventas.Presentacion.Escritorio\Ventas.Presentacion.Escritorio.csproj", "{29FCEA15-064B-4047-9863-3C274F6EA19F}"
EndProject
Project("{FAE04EC0-301F-11D3-BF4B-00C04F79EFBC}") = "Ventas.Presentacion.Web", "Ventas.Presentacion.Web\Ventas.Presentacion.Web.csproj", "{587B9CB6-B22F-4935-AC1E-BB9F753D9C25}"
EndProject
Project("{FAE04EC0-301F-11D3-BF4B-00C04F79EFBC}") = "Venta.Infraestructura.Archivos", "Venta.Infraestructura.Archivos\Venta.Infraestructura.Archivos.csproj", "{F155B743-8A7A-448E-A1C7-C050AEDA25B8}"
EndProject
Global
	GlobalSection(SolutionConfigurationPlatforms) = preSolution
		Debug|Any CPU = Debug|Any CPU
		Release|Any CPU = Release|Any CPU
	EndGlobalSection
	GlobalSection(ProjectConfigurationPlatforms) = postSolution
		{9E36C20D-7E73-44F7-97E2-8E9ACE877426}.Debug|Any CPU.ActiveCfg = Debug|Any CPU
		{9E36C20D-7E73-44F7-97E2-8E9ACE877426}.Debug|Any CPU.Build.0 = Debug|Any CPU
		{9E36C20D-7E73-44F7-97E2-8E9ACE877426}.Release|Any CPU.ActiveCfg = Release|Any CPU
		{9E36C20D-7E73-44F7-97E2-8E9ACE877426}.Release|Any CPU.Build.0 = Release|Any CPU
		{0BDCA424-6EDB-4C9A-8763-41630B4B3DD5}.Debug|Any CPU.ActiveCfg = Debug|Any CPU
		{0BDCA424-6EDB-4C9A-8763-41630B4B3DD5}.Debug|Any CPU.Build.0 = Debug|Any CPU
		{0BDCA424-6EDB-4C9A-8763-41630B4B3DD5}.Release|Any CPU.ActiveCfg = Release|Any CPU
		{0BDCA424-6EDB-4C9A-8763-41630B4B3DD5}.Release|Any CPU.Build.0 = Release|Any CPU
		{6DFA1C36-5D71-4C60-B7D5-470AB3C63F41}.Debug|Any CPU.ActiveCfg = Debug|Any CPU
		{6DFA1C36-5D71-4C60-B7D5-470AB3C63F41}.Debug|Any CPU.Build.0 = Debug|Any CPU
		{6DFA1C36-5D71-4C60-B7D5-470AB3C63F41}.Release|Any CPU.ActiveCfg = Release|Any CPU
		{6DFA1C36-5D71-4C60-B7D5-470AB3C63F41}.Release|Any CPU.Build.0 = Release|Any CPU
		{6301D4A1-527A-4CBF-B4FD-666C23853C2A}.Debug|Any CPU.ActiveCfg = Debug|Any CPU
		{6301D4A1-527A-4CBF-B4FD-666C23853C2A}.Debug|Any CPU.Build.0 = Debug|Any CPU
		{6301D4A1-527A-4CBF-B4FD-666C23853C2A}.Release|Any CPU.ActiveCfg = Release|Any CPU
		{6301D4A1-527A-4CBF-B4FD-666C23853C2A}.Release|Any CPU.Build.0 = Release|Any CPU
		{A5BC1890-92B4-46B5-AAC7-A5341D2D8845}.Debug|Any CPU.ActiveCfg = Debug|Any CPU
		{A5BC1890-92B4-46B5-AAC7-A5341D2D8845}.Debug|Any CPU.Build.0 = Debug|Any CPU
		{A5BC1890-92B4-46B5-AAC7-A5341D2D8845}.Release|Any CPU.ActiveCfg = Release|Any CPU
		{A5BC1890-92B4-46B5-AAC7-A5341D2D8845}.Release|Any CPU.Build.0 = Release|Any CPU
		{29FCEA15-064B-4047-9863-3C274F6EA19F}.Debug|Any CPU.ActiveCfg = Debug|Any CPU
		{29FCEA15-064B-4047-9863-3C274F6EA19F}.Debug|Any CPU.Build.0 = Debug|Any CPU
		{29FCEA15-064B-4047-9863-3C274F6EA19F}.Release|Any CPU.ActiveCfg = Release|Any CPU
		{29FCEA15-064B-4047-9863-3C274F6EA19F}.Release|Any CPU.Build.0 = Release|Any CPU
		{587B9CB6-B22F-4935-AC1E-BB9F753D9C25}.Debug|Any CPU.ActiveCfg = Debug|Any CPU
		{587B9CB6-B22F-4935-AC1E-BB9F753D9C25}.Debug|Any CPU.Build.0 = Debug|Any CPU
		{587B9CB6-B22F-4935-AC1E-BB9F753D9C25}.Release|Any CPU.ActiveCfg = Release|Any CPU
		{587B9CB6-B22F-4935-AC1E-BB9F753D9C25}.Release|Any CPU.Build.0 = Release|Any CPU
		{F155B743-8A7A-448E-A1C7-C050AEDA25B8}.Debug|Any CPU.ActiveCfg = Debug|Any CPU
		{F155B743-8A7A-448E-A1C7-C050AEDA25B8}.Debug|Any CPU.Build.0 = Debug|Any CPU
		{F155B743-8A7A-448E-A1C7-C050AEDA25B8}.Release|Any CPU.ActiveCfg = Release|Any CPU
		{F155B743-8A7A-448E-A1C7-C050AEDA25B8}.Release|Any CPU.Build.0 = Release|Any CPU
	EndGlobalSection
	GlobalSection(SolutionProperties) = preSolution
		HideSolutionNode = FALSE
	EndGlobalSection
	GlobalSection(NestedProjects) = preSolution
		{9E36C20D-7E73-44F7-97E2-8E9ACE877426} = {B119331D-194D-4776-8A5E-0E0A038179BE}
		{0BDCA424-6EDB-4C9A-8763-41630B4B3DD5} = {A87BDFCB-A7CB-4F56-835C-8100C44D4358}
		{6DFA1C36-5D71-4C60-B7D5-470AB3C63F41} = {AE2391B5-C7D9-4DC5-8CC9-43119A0BB475}
		{6301D4A1-527A-4CBF-B4FD-666C23853C2A} = {AE2391B5-C7D9-4DC5-8CC9-43119A0BB475}
		{A5BC1890-92B4-46B5-AAC7-A5341D2D8845} = {AE2391B5-C7D9-4DC5-8CC9-43119A0BB475}
		{29FCEA15-064B-4047-9863-3C274F6EA19F} = {98CF9086-9F18-4D44-878F-1129C2E62C35}
		{587B9CB6-B22F-4935-AC1E-BB9F753D9C25} = {98CF9086-9F18-4D44-878F-1129C2E62C35}
		{F155B743-8A7A-448E-A1C7-C050AEDA25B8} = {A87BDFCB-A7CB-4F56-835C-8100C44D4358}
	EndGlobalSection
	GlobalSection(ExtensibilityGlobals) = postSolution
		SolutionGuid = {372BB100-1CF4-4906-9D33-671A8C7E0E08}
	EndGlobalSection
EndGlobal
