
Microsoft Visual Studio Solution File, Format Version 12.00
# Visual Studio 15
VisualStudioVersion = 15.0.28307.329
MinimumVisualStudioVersion = 10.0.40219.1
Project("{FAE04EC0-301F-11D3-BF4B-00C04F79EFBC}") = "App.UI.Demo", "App.UI.Demo\App.UI.Demo.csproj", "{A8BC16DF-5957-4B30-A0A3-0F0F85B92575}"
EndProject
Project("{FAE04EC0-301F-11D3-BF4B-00C04F79EFBC}") = "App.Datos.DataAccess", "App.Datos.DataAccess\App.Datos.DataAccess.csproj", "{FF316090-E1C8-4174-9EAC-1F08256F0D86}"
EndProject
Global
	GlobalSection(SolutionConfigurationPlatforms) = preSolution
		Debug|Any CPU = Debug|Any CPU
		Release|Any CPU = Release|Any CPU
	EndGlobalSection
	GlobalSection(ProjectConfigurationPlatforms) = postSolution
		{A8BC16DF-5957-4B30-A0A3-0F0F85B92575}.Debug|Any CPU.ActiveCfg = Debug|Any CPU
		{A8BC16DF-5957-4B30-A0A3-0F0F85B92575}.Debug|Any CPU.Build.0 = Debug|Any CPU
		{A8BC16DF-5957-4B30-A0A3-0F0F85B92575}.Release|Any CPU.ActiveCfg = Release|Any CPU
		{A8BC16DF-5957-4B30-A0A3-0F0F85B92575}.Release|Any CPU.Build.0 = Release|Any CPU
		{FF316090-E1C8-4174-9EAC-1F08256F0D86}.Debug|Any CPU.ActiveCfg = Debug|Any CPU
		{FF316090-E1C8-4174-9EAC-1F08256F0D86}.Debug|Any CPU.Build.0 = Debug|Any CPU
		{FF316090-E1C8-4174-9EAC-1F08256F0D86}.Release|Any CPU.ActiveCfg = Release|Any CPU
		{FF316090-E1C8-4174-9EAC-1F08256F0D86}.Release|Any CPU.Build.0 = Release|Any CPU
	EndGlobalSection
	GlobalSection(SolutionProperties) = preSolution
		HideSolutionNode = FALSE
	EndGlobalSection
	GlobalSection(ExtensibilityGlobals) = postSolution
		SolutionGuid = {A36CFCB1-CBDC-45B0-8243-955AF0444093}
	EndGlobalSection
EndGlobal
